{
    "requires": true,
    "lockfileVersion": 1,
    "dependencies": {
        "larasocket-js": {
            "version": "1.0.16",
            "resolved": "https://registry.npmjs.org/larasocket-js/-/larasocket-js-1.0.16.tgz",
            "integrity": "sha512-5KaD6Eeo66Vroi5ToWkD99mZtKt3T8Juq/+9Fes05hcZFj9d01eGrvsmNw89kF7mhk7yCb9LpGfrS8GvQEohZQ=="
        },
        "laravel-echo": {
            "version": "1.9.0",
            "resolved": "https://registry.npmjs.org/laravel-echo/-/laravel-echo-1.9.0.tgz",
            "integrity": "sha512-+kw4mjwnMY2KXdKPpd5lHba8CNmYj9QzotK+E42Oz8B6flKViwkP+BQvahWTKxpkFwt5O2Iejk/etgQH6DhobQ=="
        }
    }
}
